
Microsoft Visual Studio Solution File, Format Version 12.00
# Visual Studio Version 16
VisualStudioVersion = 16.0.29102.190
MinimumVisualStudioVersion = 10.0.40219.1
Project("{FAE04EC0-301F-11D3-BF4B-00C04F79EFBC}") = "Game_Sapper", "Game_Sapper\Game_Sapper.csproj", "{3AAF5D66-EB14-4C1B-9C1F-D39CF75C6A46}"
EndProject
Global
	GlobalSection(SolutionConfigurationPlatforms) = preSolution
		Debug|Any CPU = Debug|Any CPU
		Release|Any CPU = Release|Any CPU
	EndGlobalSection
	GlobalSection(ProjectConfigurationPlatforms) = postSolution
		{3AAF5D66-EB14-4C1B-9C1F-D39CF75C6A46}.Debug|Any CPU.ActiveCfg = Debug|Any CPU
		{3AAF5D66-EB14-4C1B-9C1F-D39CF75C6A46}.Debug|Any CPU.Build.0 = Debug|Any CPU
		{3AAF5D66-EB14-4C1B-9C1F-D39CF75C6A46}.Release|Any CPU.ActiveCfg = Release|Any CPU
		{3AAF5D66-EB14-4C1B-9C1F-D39CF75C6A46}.Release|Any CPU.Build.0 = Release|Any CPU
	EndGlobalSection
	GlobalSection(SolutionProperties) = preSolution
		HideSolutionNode = FALSE
	EndGlobalSection
	GlobalSection(ExtensibilityGlobals) = postSolution
		SolutionGuid = {8DF49D60-B7D2-4286-A378-D115702A953F}
	EndGlobalSection
EndGlobal
